
Microsoft Visual Studio Solution File, Format Version 12.00
# Visual Studio Version 17
VisualStudioVersion = 17.11.35327.3
MinimumVisualStudioVersion = 10.0.40219.1
Project("{FAE04EC0-301F-11D3-BF4B-00C04F79EFBC}") = "algoritmo9", "algoritmo9.csproj", "{DB447B6D-B63C-405B-9605-EFC3516E526F}"
EndProject
Global
	GlobalSection(SolutionConfigurationPlatforms) = preSolution
		Debug|Any CPU = Debug|Any CPU
		Release|Any CPU = Release|Any CPU
	EndGlobalSection
	GlobalSection(ProjectConfigurationPlatforms) = postSolution
		{DB447B6D-B63C-405B-9605-EFC3516E526F}.Debug|Any CPU.ActiveCfg = Debug|Any CPU
		{DB447B6D-B63C-405B-9605-EFC3516E526F}.Debug|Any CPU.Build.0 = Debug|Any CPU
		{DB447B6D-B63C-405B-9605-EFC3516E526F}.Release|Any CPU.ActiveCfg = Release|Any CPU
		{DB447B6D-B63C-405B-9605-EFC3516E526F}.Release|Any CPU.Build.0 = Release|Any CPU
	EndGlobalSection
	GlobalSection(SolutionProperties) = preSolution
		HideSolutionNode = FALSE
	EndGlobalSection
	GlobalSection(ExtensibilityGlobals) = postSolution
		SolutionGuid = {586D3771-C517-42B9-A242-D59320FD0C71}
	EndGlobalSection
EndGlobal
